
Microsoft Visual Studio Solution File, Format Version 12.00
# Visual Studio Version 17
VisualStudioVersion = 17.0.31903.59
MinimumVisualStudioVersion = 10.0.40219.1
Project("{2150E333-8FDC-42A3-9474-1A3956D46DE8}") = "src", "src", "{36938042-03E7-496A-BF1E-62CCE2D426F1}"
EndProject
Project("{FAE04EC0-301F-11D3-BF4B-00C04F79EFBC}") = "D2ST.Api", "src\D2ST.Api\D2ST.Api.csproj", "{CDEEE5B6-6FD6-4496-94D8-6C4B978AFC45}"
EndProject
Project("{FAE04EC0-301F-11D3-BF4B-00C04F79EFBC}") = "D2ST.Core", "src\D2ST.Core\D2ST.Core.csproj", "{836BCC6B-8C37-4366-8AB3-4B2B4265CBB5}"
EndProject
Project("{FAE04EC0-301F-11D3-BF4B-00C04F79EFBC}") = "D2ST.GameCoordinator", "src\D2ST.GameCoordinator\D2ST.GameCoordinator.csproj", "{97B75C91-9D7C-46D1-AD78-7D58C46F9F0A}"
EndProject
Project("{FAE04EC0-301F-11D3-BF4B-00C04F79EFBC}") = "D2ST.Persistence", "src\D2ST.Persistence\D2ST.Persistence.csproj", "{9F3EC2D1-344D-4F74-A84A-23D4653CF8EA}"
EndProject
Project("{FAE04EC0-301F-11D3-BF4B-00C04F79EFBC}") = "D2ST.Protocol", "src\D2ST.Protocol\D2ST.Protocol.csproj", "{215C617F-3CDD-4D89-823D-6FA8AE9F7780}"
EndProject
Project("{FAE04EC0-301F-11D3-BF4B-00C04F79EFBC}") = "D2ST.Steam", "src\D2ST.Steam\D2ST.Steam.csproj", "{E0FEA605-D33F-4339-BE8C-3CF2CC4576D0}"
EndProject
Global
	GlobalSection(SolutionConfigurationPlatforms) = preSolution
		Debug|Any CPU = Debug|Any CPU
		Release|Any CPU = Release|Any CPU
	EndGlobalSection
	GlobalSection(ProjectConfigurationPlatforms) = postSolution
		{CDEEE5B6-6FD6-4496-94D8-6C4B978AFC45}.Debug|Any CPU.ActiveCfg = Debug|Any CPU
		{CDEEE5B6-6FD6-4496-94D8-6C4B978AFC45}.Debug|Any CPU.Build.0 = Debug|Any CPU
		{CDEEE5B6-6FD6-4496-94D8-6C4B978AFC45}.Release|Any CPU.ActiveCfg = Release|Any CPU
		{CDEEE5B6-6FD6-4496-94D8-6C4B978AFC45}.Release|Any CPU.Build.0 = Release|Any CPU
		{836BCC6B-8C37-4366-8AB3-4B2B4265CBB5}.Debug|Any CPU.ActiveCfg = Debug|Any CPU
		{836BCC6B-8C37-4366-8AB3-4B2B4265CBB5}.Debug|Any CPU.Build.0 = Debug|Any CPU
		{836BCC6B-8C37-4366-8AB3-4B2B4265CBB5}.Release|Any CPU.ActiveCfg = Release|Any CPU
		{836BCC6B-8C37-4366-8AB3-4B2B4265CBB5}.Release|Any CPU.Build.0 = Release|Any CPU
		{97B75C91-9D7C-46D1-AD78-7D58C46F9F0A}.Debug|Any CPU.ActiveCfg = Debug|Any CPU
		{97B75C91-9D7C-46D1-AD78-7D58C46F9F0A}.Debug|Any CPU.Build.0 = Debug|Any CPU
		{97B75C91-9D7C-46D1-AD78-7D58C46F9F0A}.Release|Any CPU.ActiveCfg = Release|Any CPU
		{97B75C91-9D7C-46D1-AD78-7D58C46F9F0A}.Release|Any CPU.Build.0 = Release|Any CPU
		{9F3EC2D1-344D-4F74-A84A-23D4653CF8EA}.Debug|Any CPU.ActiveCfg = Debug|Any CPU
		{9F3EC2D1-344D-4F74-A84A-23D4653CF8EA}.Debug|Any CPU.Build.0 = Debug|Any CPU
		{9F3EC2D1-344D-4F74-A84A-23D4653CF8EA}.Release|Any CPU.ActiveCfg = Release|Any CPU
		{9F3EC2D1-344D-4F74-A84A-23D4653CF8EA}.Release|Any CPU.Build.0 = Release|Any CPU
		{215C617F-3CDD-4D89-823D-6FA8AE9F7780}.Debug|Any CPU.ActiveCfg = Debug|Any CPU
		{215C617F-3CDD-4D89-823D-6FA8AE9F7780}.Debug|Any CPU.Build.0 = Debug|Any CPU
		{215C617F-3CDD-4D89-823D-6FA8AE9F7780}.Release|Any CPU.ActiveCfg = Release|Any CPU
		{215C617F-3CDD-4D89-823D-6FA8AE9F7780}.Release|Any CPU.Build.0 = Release|Any CPU
		{E0FEA605-D33F-4339-BE8C-3CF2CC4576D0}.Debug|Any CPU.ActiveCfg = Debug|Any CPU
		{E0FEA605-D33F-4339-BE8C-3CF2CC4576D0}.Debug|Any CPU.Build.0 = Debug|Any CPU
		{E0FEA605-D33F-4339-BE8C-3CF2CC4576D0}.Release|Any CPU.ActiveCfg = Release|Any CPU
		{E0FEA605-D33F-4339-BE8C-3CF2CC4576D0}.Release|Any CPU.Build.0 = Release|Any CPU
	EndGlobalSection
	GlobalSection(SolutionProperties) = preSolution
		HideSolutionNode = FALSE
	EndGlobalSection
	GlobalSection(NestedProjects) = preSolution
		{CDEEE5B6-6FD6-4496-94D8-6C4B978AFC45} = {36938042-03E7-496A-BF1E-62CCE2D426F1}
		{836BCC6B-8C37-4366-8AB3-4B2B4265CBB5} = {36938042-03E7-496A-BF1E-62CCE2D426F1}
		{97B75C91-9D7C-46D1-AD78-7D58C46F9F0A} = {36938042-03E7-496A-BF1E-62CCE2D426F1}
		{9F3EC2D1-344D-4F74-A84A-23D4653CF8EA} = {36938042-03E7-496A-BF1E-62CCE2D426F1}
		{215C617F-3CDD-4D89-823D-6FA8AE9F7780} = {36938042-03E7-496A-BF1E-62CCE2D426F1}
		{E0FEA605-D33F-4339-BE8C-3CF2CC4576D0} = {36938042-03E7-496A-BF1E-62CCE2D426F1}
	EndGlobalSection
EndGlobal
